
Microsoft Visual Studio Solution File, Format Version 12.00
# Visual Studio 14
VisualStudioVersion = 14.0.25420.1
MinimumVisualStudioVersion = 10.0.40219.1
Project("{FAE04EC0-301F-11D3-BF4B-00C04F79EFBC}") = "LemonWayChallenge.WebService", "LemonWayChallenge.WebService\LemonWayChallenge.WebService.csproj", "{3FBD8154-2D0E-449F-9DCC-6402FB2080D9}"
EndProject
Project("{FAE04EC0-301F-11D3-BF4B-00C04F79EFBC}") = "LemonWayChallenge.Client", "LemonWayChallenge.Client\LemonWayChallenge.Client.csproj", "{FF65950D-CE8A-4B35-98AD-85DA90F8430B}"
	ProjectSection(ProjectDependencies) = postProject
		{3FBD8154-2D0E-449F-9DCC-6402FB2080D9} = {3FBD8154-2D0E-449F-9DCC-6402FB2080D9}
	EndProjectSection
EndProject
Project("{FAE04EC0-301F-11D3-BF4B-00C04F79EFBC}") = "LemonWayChallenge.WebService.Tests", "LemonWayChallenge.WebService.Tests\LemonWayChallenge.WebService.Tests.csproj", "{E10531F3-4980-420E-8A69-1823F0A4D573}"
EndProject
Global
	GlobalSection(SolutionConfigurationPlatforms) = preSolution
		Debug|Any CPU = Debug|Any CPU
		Release|Any CPU = Release|Any CPU
	EndGlobalSection
	GlobalSection(ProjectConfigurationPlatforms) = postSolution
		{3FBD8154-2D0E-449F-9DCC-6402FB2080D9}.Debug|Any CPU.ActiveCfg = Debug|Any CPU
		{3FBD8154-2D0E-449F-9DCC-6402FB2080D9}.Debug|Any CPU.Build.0 = Debug|Any CPU
		{3FBD8154-2D0E-449F-9DCC-6402FB2080D9}.Release|Any CPU.ActiveCfg = Release|Any CPU
		{3FBD8154-2D0E-449F-9DCC-6402FB2080D9}.Release|Any CPU.Build.0 = Release|Any CPU
		{FF65950D-CE8A-4B35-98AD-85DA90F8430B}.Debug|Any CPU.ActiveCfg = Debug|Any CPU
		{FF65950D-CE8A-4B35-98AD-85DA90F8430B}.Debug|Any CPU.Build.0 = Debug|Any CPU
		{FF65950D-CE8A-4B35-98AD-85DA90F8430B}.Release|Any CPU.ActiveCfg = Release|Any CPU
		{FF65950D-CE8A-4B35-98AD-85DA90F8430B}.Release|Any CPU.Build.0 = Release|Any CPU
		{E10531F3-4980-420E-8A69-1823F0A4D573}.Debug|Any CPU.ActiveCfg = Debug|Any CPU
		{E10531F3-4980-420E-8A69-1823F0A4D573}.Debug|Any CPU.Build.0 = Debug|Any CPU
		{E10531F3-4980-420E-8A69-1823F0A4D573}.Release|Any CPU.ActiveCfg = Release|Any CPU
		{E10531F3-4980-420E-8A69-1823F0A4D573}.Release|Any CPU.Build.0 = Release|Any CPU
	EndGlobalSection
	GlobalSection(SolutionProperties) = preSolution
		HideSolutionNode = FALSE
	EndGlobalSection
EndGlobal
